
Microsoft Visual Studio Solution File, Format Version 12.00
Project("{FAE04EC0-301F-11D3-BF4B-00C04F79EFBC}") = "StringCalculator_Kata.Core", "StringCalculator_Kata.Core\StringCalculator_Kata.Core.csproj", "{07F2EDD3-DCE0-4CFC-B22F-77F297B1DD36}"
EndProject
Project("{FAE04EC0-301F-11D3-BF4B-00C04F79EFBC}") = "StringCalculator_Kata.Tests", "StringCalculator_Kata.Tests\StringCalculator_Kata.Tests.csproj", "{874FF34C-BA7B-46E3-8826-9D0A0BD5C2D4}"
EndProject
Global
	GlobalSection(SolutionConfigurationPlatforms) = preSolution
		Debug|Any CPU = Debug|Any CPU
		Release|Any CPU = Release|Any CPU
	EndGlobalSection
	GlobalSection(ProjectConfigurationPlatforms) = postSolution
		{07F2EDD3-DCE0-4CFC-B22F-77F297B1DD36}.Debug|Any CPU.ActiveCfg = Debug|Any CPU
		{07F2EDD3-DCE0-4CFC-B22F-77F297B1DD36}.Debug|Any CPU.Build.0 = Debug|Any CPU
		{07F2EDD3-DCE0-4CFC-B22F-77F297B1DD36}.Release|Any CPU.ActiveCfg = Release|Any CPU
		{07F2EDD3-DCE0-4CFC-B22F-77F297B1DD36}.Release|Any CPU.Build.0 = Release|Any CPU
		{874FF34C-BA7B-46E3-8826-9D0A0BD5C2D4}.Debug|Any CPU.ActiveCfg = Debug|Any CPU
		{874FF34C-BA7B-46E3-8826-9D0A0BD5C2D4}.Debug|Any CPU.Build.0 = Debug|Any CPU
		{874FF34C-BA7B-46E3-8826-9D0A0BD5C2D4}.Release|Any CPU.ActiveCfg = Release|Any CPU
		{874FF34C-BA7B-46E3-8826-9D0A0BD5C2D4}.Release|Any CPU.Build.0 = Release|Any CPU
	EndGlobalSection
EndGlobal
